
Microsoft Visual Studio Solution File, Format Version 12.00
# Visual Studio Version 16
VisualStudioVersion = 16.0.30517.126
MinimumVisualStudioVersion = 10.0.40219.1
Project("{FAE04EC0-301F-11D3-BF4B-00C04F79EFBC}") = "HomeApp2", "HomeApp2\HomeApp2.csproj", "{41A69DCA-F1FF-4B0A-A38E-7A638093C57A}"
EndProject
Global
	GlobalSection(SolutionConfigurationPlatforms) = preSolution
		Debug|Any CPU = Debug|Any CPU
		Release|Any CPU = Release|Any CPU
	EndGlobalSection
	GlobalSection(ProjectConfigurationPlatforms) = postSolution
		{41A69DCA-F1FF-4B0A-A38E-7A638093C57A}.Debug|Any CPU.ActiveCfg = Debug|Any CPU
		{41A69DCA-F1FF-4B0A-A38E-7A638093C57A}.Debug|Any CPU.Build.0 = Debug|Any CPU
		{41A69DCA-F1FF-4B0A-A38E-7A638093C57A}.Release|Any CPU.ActiveCfg = Release|Any CPU
		{41A69DCA-F1FF-4B0A-A38E-7A638093C57A}.Release|Any CPU.Build.0 = Release|Any CPU
	EndGlobalSection
	GlobalSection(SolutionProperties) = preSolution
		HideSolutionNode = FALSE
	EndGlobalSection
	GlobalSection(ExtensibilityGlobals) = postSolution
		SolutionGuid = {9A6C54A6-93AF-41D9-A09A-C81B45D9481E}
	EndGlobalSection
EndGlobal
