
Microsoft Visual Studio Solution File, Format Version 12.00
# Visual Studio Version 16
VisualStudioVersion = 16.0.30517.126
MinimumVisualStudioVersion = 10.0.40219.1
Project("{9A19103F-16F7-4668-BE54-9A1E7A4F7556}") = "HomeApp2", "HomeApp2\HomeApp2.csproj", "{41A69DCA-F1FF-4B0A-A38E-7A638093C57A}"
EndProject
Project("{9A19103F-16F7-4668-BE54-9A1E7A4F7556}") = "HomeApp3", "HomeApp3\HomeApp3.csproj", "{CB9B8041-14EB-43F2-BC2D-A78CCB1E25D0}"
EndProject
Project("{9A19103F-16F7-4668-BE54-9A1E7A4F7556}") = "HomeApp3.1", "HomeApp3.1\HomeApp3.1.csproj", "{3D29BD90-E93B-488C-B02B-767D47276C85}"
EndProject
Global
	GlobalSection(SolutionConfigurationPlatforms) = preSolution
		Debug|Any CPU = Debug|Any CPU
		Release|Any CPU = Release|Any CPU
	EndGlobalSection
	GlobalSection(ProjectConfigurationPlatforms) = postSolution
		{41A69DCA-F1FF-4B0A-A38E-7A638093C57A}.Debug|Any CPU.ActiveCfg = Debug|Any CPU
		{41A69DCA-F1FF-4B0A-A38E-7A638093C57A}.Debug|Any CPU.Build.0 = Debug|Any CPU
		{41A69DCA-F1FF-4B0A-A38E-7A638093C57A}.Release|Any CPU.ActiveCfg = Release|Any CPU
		{41A69DCA-F1FF-4B0A-A38E-7A638093C57A}.Release|Any CPU.Build.0 = Release|Any CPU
		{CB9B8041-14EB-43F2-BC2D-A78CCB1E25D0}.Debug|Any CPU.ActiveCfg = Debug|Any CPU
		{CB9B8041-14EB-43F2-BC2D-A78CCB1E25D0}.Debug|Any CPU.Build.0 = Debug|Any CPU
		{CB9B8041-14EB-43F2-BC2D-A78CCB1E25D0}.Release|Any CPU.ActiveCfg = Release|Any CPU
		{CB9B8041-14EB-43F2-BC2D-A78CCB1E25D0}.Release|Any CPU.Build.0 = Release|Any CPU
		{3D29BD90-E93B-488C-B02B-767D47276C85}.Debug|Any CPU.ActiveCfg = Debug|Any CPU
		{3D29BD90-E93B-488C-B02B-767D47276C85}.Debug|Any CPU.Build.0 = Debug|Any CPU
		{3D29BD90-E93B-488C-B02B-767D47276C85}.Release|Any CPU.ActiveCfg = Release|Any CPU
		{3D29BD90-E93B-488C-B02B-767D47276C85}.Release|Any CPU.Build.0 = Release|Any CPU
	EndGlobalSection
	GlobalSection(SolutionProperties) = preSolution
		HideSolutionNode = FALSE
	EndGlobalSection
	GlobalSection(ExtensibilityGlobals) = postSolution
		SolutionGuid = {9A6C54A6-93AF-41D9-A09A-C81B45D9481E}
	EndGlobalSection
EndGlobal
